{"pid": 28476, "kind": "hermes-gateway", "argv": ["C:\\Users\\MiguelGrillo\\Documents\\github-repos\\hermes-agent\\.venv\\Lib\\site-packages\\pytest\\__main__.py", "-o", "addopts=", "--basetemp=.pytest-tmp-status", "tests/gateway/test_status.py"], "start_time": null, "scope": "slack-app-token", "identity_hash": "2bb80d537b1da3e3", "metadata": {"platform": "slack"}, "updated_at": "2026-04-20T07:01:46.061523+00:00"}